// !$*UTF8*$!
{
	archiveVersion = 1;
	classes = {
	};
	objectVersion = 46;
	objects = {

/* Begin PBXBuildFile section */
		ACFB75281ED0F75500CFE181 /* AppDelegate.swift in Sources */ = {isa = PBXBuildFile; fileRef = ACFB75271ED0F75500CFE181 /* AppDelegate.swift */; };
		ACFB752A1ED0F75500CFE181 /* ViewController.swift in Sources */ = {isa = PBXBuildFile; fileRef = ACFB75291ED0F75500CFE181 /* ViewController.swift */; };
		ACFB752D1ED0F75500CFE181 /* Main.storyboard in Resources */ = {isa = PBXBuildFile; fileRef = ACFB752B1ED0F75500CFE181 /* Main.storyboard */; };
		ACFB752F1ED0F75500CFE181 /* Assets.xcassets in Resources */ = {isa = PBXBuildFile; fileRef = ACFB752E1ED0F75500CFE181 /* Assets.xcassets */; };
		ACFB75321ED0F75500CFE181 /* LaunchScreen.storyboard in Resources */ = {isa = PBXBuildFile; fileRef = ACFB75301ED0F75500CFE181 /* LaunchScreen.storyboard */; };
/* End PBXBuildFile section */

/* Begin PBXFileReference section */
		ACFB75241ED0F75500CFE181 /* TableView3.app */ = {isa = PBXFileReference; explicitFileType = wrapper.application; includeInIndex = 0; path = TableView3.app; sourceTree = BUILT_PRODUCTS_DIR; };
		ACFB75271ED0F75500CFE181 /* AppDelegate.swift */ = {isa = PBXFileReference; lastKnownFileType = sourcecode.swift; path = AppDelegate.swift; sourceTree = "<group>"; };
		ACFB75291ED0F75500CFE181 /* ViewController.swift */ = {isa = PBXFileReference; lastKnownFileType = sourcecode.swift; path = ViewController.swift; sourceTree = "<group>"; };
		ACFB752C1ED0F75500CFE181 /* Base */ = {isa = PBXFileReference; lastKnownFileType = file.storyboard; name = Base; path = Base.lproj/Main.storyboard; sourceTree = "<group>"; };
		ACFB752E1ED0F75500CFE181 /* Assets.xcassets */ = {isa = PBXFileReference; lastKnownFileType = folder.assetcatalog; path = Assets.xcassets; sourceTree = "<group>"; };
		ACFB75311ED0F75500CFE181 /* Base */ = {isa = PBXFileReference; lastKnownFileType = file.storyboard; name = Base; path = Base.lproj/LaunchScreen.storyboard; sourceTree = "<group>"; };
		ACFB75331ED0F75500CFE181 /* Info.plist */ = {isa = PBXFileReference; lastKnownFileType = text.plist.xml; path = Info.plist; sourceTree = "<group>"; };
/* End PBXFileReference section */

/* Begin PBXFrameworksBuildPhase section */
		ACFB75211ED0F75500CFE181 /* Frameworks */ = {
			isa = PBXFrameworksBuildPhase;
			buildActionMask = 2147483647;
			files = (
			);
			runOnlyForDeploymentPostprocessing = 0;
		};
/* End PBXFrameworksBuildPhase section */

/* Begin PBXGroup section */
		ACFB751B1ED0F75500CFE181 = {
			isa = PBXGroup;
			children = (
				ACFB75261ED0F75500CFE181 /* TableView3 */,
				ACFB75251ED0F75500CFE181 /* Products */,
			);
			sourceTree = "<group>";
		};
		ACFB75251ED0F75500CFE181 /* Products */ = {
			isa = PBXGroup;
			children = (
				ACFB75241ED0F75500CFE181 /* TableView3.app */,
			);
			name = Products;
			sourceTree = "<group>";
		};
		ACFB75261ED0F75500CFE181 /* TableView3 */ = {
			isa = PBXGroup;
			children = (
				ACFB75271ED0F75500CFE181 /* AppDelegate.swift */,
				ACFB75291ED0F75500CFE181 /* ViewController.swift */,
				ACFB752B1ED0F75500CFE181 /* Main.storyboard */,
				ACFB752E1ED0F75500CFE181 /* Assets.xcassets */,
				ACFB75301ED0F75500CFE181 /* LaunchScreen.storyboard */,
				ACFB75331ED0F75500CFE181 /* Info.plist */,
			);
			path = TableView3;
			sourceTree = "<group>";
		};
/* End PBXGroup section */

/* Begin PBXNativeTarget section */
		ACFB75231ED0F75500CFE181 /* TableView3 */ = {
			isa = PBXNativeTarget;
			buildConfigurationList = ACFB75361ED0F75500CFE181 /* Build configuration list for PBXNativeTarget "TableView3" */;
			buildPhases = (
				ACFB75201ED0F75500CFE181 /* Sources */,
				ACFB75211ED0F75500CFE181 /* Frameworks */,
				ACFB75221ED0F75500CFE181 /* Resources */,
			);
			buildRules = (
			);
			dependencies = (
			);
			name = TableView3;
			productName = TableView3;
			productReference = ACFB75241ED0F75500CFE181 /* TableView3.app */;
			productType = "com.apple.product-type.application";
		};
/* End PBXNativeTarget section */

/* Begin PBXProject section */
		ACFB751C1ED0F75500CFE181 /* Project object */ = {
			isa = PBXProject;
			attributes = {
				LastSwiftUpdateCheck = 0830;
				LastUpgradeCheck = 0830;
				ORGANIZATIONNAME = MrAliGorithm;
				TargetAttributes = {
					ACFB75231ED0F75500CFE181 = {
						CreatedOnToolsVersion = 8.3.2;
						DevelopmentTeam = U3FSDK5XFF;
						ProvisioningStyle = Automatic;
					};
				};
			};
			buildConfigurationList = ACFB751F1ED0F75500CFE181 /* Build configuration list for PBXProject "TableView3" */;
			compatibilityVersion = "Xcode 3.2";
			developmentRegion = English;
			hasScannedForEncodings = 0;
			knownRegions = (
				en,
				Base,
			);
			mainGroup = ACFB751B1ED0F75500CFE181;
			productRefGroup = ACFB75251ED0F75500CFE181 /* Products */;
			projectDirPath = "";
			projectRoot = "";
			targets = (
				ACFB75231ED0F75500CFE181 /* TableView3 */,
			);
		};
/* End PBXProject section */

/* Begin PBXResourcesBuildPhase section */
		ACFB75221ED0F75500CFE181 /* Resources */ = {
			isa = PBXResourcesBuildPhase;
			buildActionMask = 2147483647;
			files = (
				ACFB75321ED0F75500CFE181 /* LaunchScreen.storyboard in Resources */,
				ACFB752F1ED0F75500CFE181 /* Assets.xcassets in Resources */,
				ACFB752D1ED0F75500CFE181 /* Main.storyboard in Resources */,
			);
			runOnlyForDeploymentPostprocessing = 0;
		};
/* End PBXResourcesBuildPhase section */

/* Begin PBXSourcesBuildPhase section */
		ACFB75201ED0F75500CFE181 /* Sources */ = {
			isa = PBXSourcesBuildPhase;
			buildActionMask = 2147483647;
			files = (
				ACFB752A1ED0F75500CFE181 /* ViewController.swift in Sources */,
				ACFB75281ED0F75500CFE181 /* AppDelegate.swift in Sources */,
			);
			runOnlyForDeploymentPostprocessing = 0;
		};
/* End PBXSourcesBuildPhase section */

/* Begin PBXVariantGroup section */
		ACFB752B1ED0F75500CFE181 /* Main.storyboard */ = {
			isa = PBXVariantGroup;
			children = (
				ACFB752C1ED0F75500CFE181 /* Base */,
			);
			name = Main.storyboard;
			sourceTree = "<group>";
		};
		ACFB75301ED0F75500CFE181 /* LaunchScreen.storyboard */ = {
			isa = PBXVariantGroup;
			children = (
				ACFB75311ED0F75500CFE181 /* Base */,
			);
			name = LaunchScreen.storyboard;
			sourceTree = "<group>";
		};
/* End PBXVariantGroup section */

/* Begin XCBuildConfiguration section */
		ACFB75341ED0F75500CFE181 /* Debug */ = {
			isa = XCBuildConfiguration;
			buildSettings = {
				ALWAYS_SEARCH_USER_PATHS = NO;
				CLANG_ANALYZER_NONNULL = YES;
				CLANG_ANALYZER_NUMBER_OBJECT_CONVERSION = YES_AGGRESSIVE;
				CLANG_CXX_LANGUAGE_STANDARD = "gnu++0x";
				CLANG_CXX_LIBRARY = "libc++";
				CLANG_ENABLE_MODULES = YES;
				CLANG_ENABLE_OBJC_ARC = YES;
				CLANG_WARN_BOOL_CONVERSION = YES;
				CLANG_WARN_CONSTANT_CONVERSION = YES;
				CLANG_WARN_DIRECT_OBJC_ISA_USAGE = YES_ERROR;
				CLANG_WARN_DOCUMENTATION_COMMENTS = YES;
				CLANG_WARN_EMPTY_BODY = YES;
				CLANG_WARN_ENUM_CONVERSION = YES;
				CLANG_WARN_INFINITE_RECURSION = YES;
				CLANG_WARN_INT_CONVERSION = YES;
				CLANG_WARN_OBJC_ROOT_CLASS = YES_ERROR;
				CLANG_WARN_SUSPICIOUS_MOVE = YES;
				CLANG_WARN_UNREACHABLE_CODE = YES;
				CLANG_WARN__DUPLICATE_METHOD_MATCH = YES;
				"CODE_SIGN_IDENTITY[sdk=iphoneos*]" = "iPhone Developer";
				COPY_PHASE_STRIP = NO;
				DEBUG_INFORMATION_FORMAT = dwarf;
				ENABLE_STRICT_OBJC_MSGSEND = YES;
				ENABLE_TESTABILITY = YES;
				GCC_C_LANGUAGE_STANDARD = gnu99;
				GCC_DYNAMIC_NO_PIC = NO;
				GCC_NO_COMMON_BLOCKS = YES;
				GCC_OPTIMIZATION_LEVEL = 0;
				GCC_PREPROCESSOR_DEFINITIONS = (
					"DEBUG=1",
					"$(inherited)",
				);
				GCC_WARN_64_TO_32_BIT_CONVERSION = YES;
				GCC_WARN_ABOUT_RETURN_TYPE = YES_ERROR;
				GCC_WARN_UNDECLARED_SELECTOR = YES;
				GCC_WARN_UNINITIALIZED_AUTOS = YES_AGGRESSIVE;
				GCC_WARN_UNUSED_FUNCTION = YES;
				GCC_WARN_UNUSED_VARIABLE = YES;
				IPHONEOS_DEPLOYMENT_TARGET = 10.3;
				MTL_ENABLE_DEBUG_INFO = YES;
				ONLY_ACTIVE_ARCH = YES;
				SDKROOT = iphoneos;
				SWIFT_ACTIVE_COMPILATION_CONDITIONS = DEBUG;
				SWIFT_OPTIMIZATION_LEVEL = "-Onone";
				TARGETED_DEVICE_FAMILY = "1,2";
			};
			name = Debug;
		};
		ACFB75351ED0F75500CFE181 /* Release */ = {
			isa = XCBuildConfiguration;
			buildSettings = {
				ALWAYS_SEARCH_USER_PATHS = NO;
				CLANG_ANALYZER_NONNULL = YES;
				CLANG_ANALYZER_NUMBER_OBJECT_CONVERSION = YES_AGGRESSIVE;
				CLANG_CXX_LANGUAGE_STANDARD = "gnu++0x";
				CLANG_CXX_LIBRARY = "libc++";
				CLANG_ENABLE_MODULES = YES;
				CLANG_ENABLE_OBJC_ARC = YES;
				CLANG_WARN_BOOL_CONVERSION = YES;
				CLANG_WARN_CONSTANT_CONVERSION = YES;
				CLANG_WARN_DIRECT_OBJC_ISA_USAGE = YES_ERROR;
				CLANG_WARN_DOCUMENTATION_COMMENTS = YES;
				CLANG_WARN_EMPTY_BODY = YES;
				CLANG_WARN_ENUM_CONVERSION = YES;
				CLANG_WARN_INFINITE_RECURSION = YES;
				CLANG_WARN_INT_CONVERSION = YES;
				CLANG_WARN_OBJC_ROOT_CLASS = YES_ERROR;
				CLANG_WARN_SUSPICIOUS_MOVE = YES;
				CLANG_WARN_UNREACHABLE_CODE = YES;
				CLANG_WARN__DUPLICATE_METHOD_MATCH = YES;
				"CODE_SIGN_IDENTITY[sdk=iphoneos*]" = "iPhone Developer";
				COPY_PHASE_STRIP = NO;
				DEBUG_INFORMATION_FORMAT = "dwarf-with-dsym";
				ENABLE_NS_ASSERTIONS = NO;
				ENABLE_STRICT_OBJC_MSGSEND = YES;
				GCC_C_LANGUAGE_STANDARD = gnu99;
				GCC_NO_COMMON_BLOCKS = YES;
				GCC_WARN_64_TO_32_BIT_CONVERSION = YES;
				GCC_WARN_ABOUT_RETURN_TYPE = YES_ERROR;
				GCC_WARN_UNDECLARED_SELECTOR = YES;
				GCC_WARN_UNINITIALIZED_AUTOS = YES_AGGRESSIVE;
				GCC_WARN_UNUSED_FUNCTION = YES;
				GCC_WARN_UNUSED_VARIABLE = YES;
				IPHONEOS_DEPLOYMENT_TARGET = 10.3;
				MTL_ENABLE_DEBUG_INFO = NO;
				SDKROOT = iphoneos;
				SWIFT_OPTIMIZATION_LEVEL = "-Owholemodule";
				TARGETED_DEVICE_FAMILY = "1,2";
				VALIDATE_PRODUCT = YES;
			};
			name = Release;
		};
		ACFB75371ED0F75500CFE181 /* Debug */ = {
			isa = XCBuildConfiguration;
			buildSettings = {
				ASSETCATALOG_COMPILER_APPICON_NAME = AppIcon;
				DEVELOPMENT_TEAM = U3FSDK5XFF;
				INFOPLIST_FILE = TableView3/Info.plist;
				LD_RUNPATH_SEARCH_PATHS = "$(inherited) @executable_path/Frameworks";
				PRODUCT_BUNDLE_IDENTIFIER = com.app.TableView3;
				PRODUCT_NAME = "$(TARGET_NAME)";
				SWIFT_VERSION = 3.0;
			};
			name = Debug;
		};
		ACFB75381ED0F75500CFE181 /* Release */ = {
			isa = XCBuildConfiguration;
			buildSettings = {
				ASSETCATALOG_COMPILER_APPICON_NAME = AppIcon;
				DEVELOPMENT_TEAM = U3FSDK5XFF;
				INFOPLIST_FILE = TableView3/Info.plist;
				LD_RUNPATH_SEARCH_PATHS = "$(inherited) @executable_path/Frameworks";
				PRODUCT_BUNDLE_IDENTIFIER = com.app.TableView3;
				PRODUCT_NAME = "$(TARGET_NAME)";
				SWIFT_VERSION = 3.0;
			};
			name = Release;
		};
/* End XCBuildConfiguration section */

/* Begin XCConfigurationList section */
		ACFB751F1ED0F75500CFE181 /* Build configuration list for PBXProject "TableView3" */ = {
			isa = XCConfigurationList;
			buildConfigurations = (
				ACFB75341ED0F75500CFE181 /* Debug */,
				ACFB75351ED0F75500CFE181 /* Release */,
			);
			defaultConfigurationIsVisible = 0;
			defaultConfigurationName = Release;
		};
		ACFB75361ED0F75500CFE181 /* Build configuration list for PBXNativeTarget "TableView3" */ = {
			isa = XCConfigurationList;
			buildConfigurations = (
				ACFB75371ED0F75500CFE181 /* Debug */,
				ACFB75381ED0F75500CFE181 /* Release */,
			);
			defaultConfigurationIsVisible = 0;
		};
/* End XCConfigurationList section */
	};
	rootObject = ACFB751C1ED0F75500CFE181 /* Project object */;
}
